
Microsoft Visual Studio Solution File, Format Version 12.00
# Visual Studio Version 17
VisualStudioVersion = 17.3.32901.215
MinimumVisualStudioVersion = 10.0.40219.1
Project("{FAE04EC0-301F-11D3-BF4B-00C04F79EFBC}") = "ChessBoardGUIApp", "ChessBoardGUIApp.csproj", "{D1B7AD1B-E89E-49F9-8345-5A43DEC451BE}"
EndProject
Project("{FAE04EC0-301F-11D3-BF4B-00C04F79EFBC}") = "Chessboard", "Chessboard\Chessboard.csproj", "{C06B9C12-8176-408B-BE23-67D22AD9AD82}"
EndProject
Global
	GlobalSection(SolutionConfigurationPlatforms) = preSolution
		Debug|Any CPU = Debug|Any CPU
		Release|Any CPU = Release|Any CPU
	EndGlobalSection
	GlobalSection(ProjectConfigurationPlatforms) = postSolution
		{D1B7AD1B-E89E-49F9-8345-5A43DEC451BE}.Debug|Any CPU.ActiveCfg = Debug|Any CPU
		{D1B7AD1B-E89E-49F9-8345-5A43DEC451BE}.Debug|Any CPU.Build.0 = Debug|Any CPU
		{D1B7AD1B-E89E-49F9-8345-5A43DEC451BE}.Release|Any CPU.ActiveCfg = Release|Any CPU
		{D1B7AD1B-E89E-49F9-8345-5A43DEC451BE}.Release|Any CPU.Build.0 = Release|Any CPU
		{C06B9C12-8176-408B-BE23-67D22AD9AD82}.Debug|Any CPU.ActiveCfg = Debug|Any CPU
		{C06B9C12-8176-408B-BE23-67D22AD9AD82}.Debug|Any CPU.Build.0 = Debug|Any CPU
		{C06B9C12-8176-408B-BE23-67D22AD9AD82}.Release|Any CPU.ActiveCfg = Release|Any CPU
		{C06B9C12-8176-408B-BE23-67D22AD9AD82}.Release|Any CPU.Build.0 = Release|Any CPU
	EndGlobalSection
	GlobalSection(SolutionProperties) = preSolution
		HideSolutionNode = FALSE
	EndGlobalSection
	GlobalSection(ExtensibilityGlobals) = postSolution
		SolutionGuid = {C5E0E82E-4D9D-44BE-8C56-61446091BB50}
	EndGlobalSection
EndGlobal
